
Microsoft Visual Studio Solution File, Format Version 12.00
# Visual Studio Version 17
VisualStudioVersion = 17.11.35327.3
MinimumVisualStudioVersion = 10.0.40219.1
Project("{9A19103F-16F7-4668-BE54-9A1E7A4F7556}") = "Netcord", "src\Netcord\Netcord.csproj", "{A0F8F94C-D114-4E88-8F5C-F46E8DF9E79C}"
EndProject
Project("{9A19103F-16F7-4668-BE54-9A1E7A4F7556}") = "Netcord.AppCommands", "src\Netcord.AppCommands\Netcord.AppCommands.csproj", "{25A688A4-6373-44B9-8383-B284F6C54269}"
EndProject
Project("{9A19103F-16F7-4668-BE54-9A1E7A4F7556}") = "Netcord.Commands.Core", "src\Netcord.Commands.Core\Netcord.Commands.Core.csproj", "{EE8747E6-EB5E-4B02-987F-10250FE38DDB}"
EndProject
Project("{9A19103F-16F7-4668-BE54-9A1E7A4F7556}") = "Netcord.Gateway", "src\Netcord.Gateway\Netcord.Gateway.csproj", "{F0C18AA6-F533-4484-9928-F3ECC434A930}"
EndProject
Project("{9A19103F-16F7-4668-BE54-9A1E7A4F7556}") = "Netcord.Logging", "src\Netcord.Logging\Netcord.Logging.csproj", "{614F36ED-BFAF-40F1-9E32-28E8302D4E03}"
EndProject
Project("{9A19103F-16F7-4668-BE54-9A1E7A4F7556}") = "Netcord.MessageComponents", "src\Netcord.MessageComponents\Netcord.MessageComponents.csproj", "{E6590E04-145F-4E94-9670-4A10171A756E}"
EndProject
Project("{9A19103F-16F7-4668-BE54-9A1E7A4F7556}") = "Netcord.Rest", "src\Netcord.Rest\Netcord.Rest.csproj", "{AC9E27E7-4FED-4877-8CA0-86CDFA754B2B}"
EndProject
Project("{9A19103F-16F7-4668-BE54-9A1E7A4F7556}") = "Netcord.Voice", "src\Netcord.Voice\Netcord.Voice.csproj", "{6BF37DCE-FFA4-4DC1-949D-D3E5E7E892CE}"
EndProject
Project("{9A19103F-16F7-4668-BE54-9A1E7A4F7556}") = "Netcord.Webhook", "src\Netcord.Webhook\Netcord.Webhook.csproj", "{6E0802FC-538E-4494-914B-0BBD1A0DB455}"
EndProject
Project("{9A19103F-16F7-4668-BE54-9A1E7A4F7556}") = "Netcord.Core", "src\Netcord.Core\Netcord.Core.csproj", "{3D65ED3F-3C9E-4F40-8AEE-0B71402AFD11}"
EndProject
Project("{2150E333-8FDC-42A3-9474-1A3956D46DE8}") = "Extensions", "Extensions", "{1F3324EA-F6E4-4689-8528-65C1E8CB3A9A}"
EndProject
Project("{9A19103F-16F7-4668-BE54-9A1E7A4F7556}") = "Netcord.Extension.Colors", "src\extensions\Netcord.Extension.Colors\Netcord.Extension.Colors.csproj", "{1C34CFBF-118F-4A2B-BFCF-630CB8B138B5}"
EndProject
Project("{9A19103F-16F7-4668-BE54-9A1E7A4F7556}") = "Netcord.Extension.Devtools", "src\extensions\Netcord.Extension.Devtools\Netcord.Extension.Devtools.csproj", "{9A9312DC-EE91-43CB-AF13-7767B5C02872}"
EndProject
Project("{9A19103F-16F7-4668-BE54-9A1E7A4F7556}") = "Netcord.Extension.Ipc", "src\extensions\Netcord.Extension.Ipc\Netcord.Extension.Ipc.csproj", "{BDA060DA-98DA-4758-8702-DA2454CBE700}"
EndProject
Project("{9A19103F-16F7-4668-BE54-9A1E7A4F7556}") = "Netcord.Extension.Paginator", "src\extensions\Netcord.Extension.Paginator\Netcord.Extension.Paginator.csproj", "{B187CA4A-C785-45BC-8A7F-1B27C15D9714}"
EndProject
Project("{9A19103F-16F7-4668-BE54-9A1E7A4F7556}") = "Netcord.Extension.Tagscript", "src\extensions\Netcord.Extension.Tagscript\Netcord.Extension.Tagscript.csproj", "{A1ADF5A2-7B1B-44AE-9B80-9B61A4A36BD4}"
EndProject
Project("{9A19103F-16F7-4668-BE54-9A1E7A4F7556}") = "Netcord.Extension.Tasks", "src\extensions\Netcord.Extension.Tasks\Netcord.Extension.Tasks.csproj", "{F0B0BB5D-B991-40A7-9CB5-0A929DA9A66E}"
EndProject
Project("{9A19103F-16F7-4668-BE54-9A1E7A4F7556}") = "Netcord.Extension.TextCommands", "src\extensions\Netcord.Extension.TextCommands\Netcord.Extension.TextCommands.csproj", "{39AB86B1-A360-49E5-8AB1-1A0499215370}"
EndProject
Project("{9A19103F-16F7-4668-BE54-9A1E7A4F7556}") = "Netcord.Extension.VoiceCommands", "src\extensions\Netcord.Extension.VoiceCommands\Netcord.Extension.VoiceCommands.csproj", "{385859DF-B5FD-4743-9677-42DE3E97E51D}"
EndProject
Project("{2150E333-8FDC-42A3-9474-1A3956D46DE8}") = "Metadata", "Metadata", "{4D22E9E3-4ADF-4716-8E72-05312EF8F55E}"
	ProjectSection(SolutionItems) = preProject
		.gitignore = .gitignore
		Directory.Build.props = Directory.Build.props
		Directory.Packages.props = Directory.Packages.props
		LICENSE = LICENSE
		README.md = README.md
		stylecop.json = stylecop.json
	EndProjectSection
EndProject
Project("{2150E333-8FDC-42A3-9474-1A3956D46DE8}") = "Tests", "Tests", "{699CC506-B070-4BD4-A9E3-847B107A7B9B}"
	ProjectSection(SolutionItems) = preProject
		tests\Directory.Build.props = tests\Directory.Build.props
	EndProjectSection
EndProject
Project("{2150E333-8FDC-42A3-9474-1A3956D46DE8}") = "Examples", "Examples", "{DE818BED-66F6-4042-8B70-6742B960A13C}"
	ProjectSection(SolutionItems) = preProject
		examples\Directory.Build.props = examples\Directory.Build.props
	EndProjectSection
EndProject
Project("{9A19103F-16F7-4668-BE54-9A1E7A4F7556}") = "Netcord.Commands.Core.Tests", "tests\Netcord.Commands.Core.Tests\Netcord.Commands.Core.Tests.csproj", "{466311CB-C7E0-4788-B7CA-95BFC3431BD8}"
EndProject
Project("{9A19103F-16F7-4668-BE54-9A1E7A4F7556}") = "Netcord.Core.Tests", "tests\Netcord.Core.Tests\Netcord.Core.Tests.csproj", "{F42A2DF8-99DB-4973-9986-CE3CCCD3FE17}"
EndProject
Project("{9A19103F-16F7-4668-BE54-9A1E7A4F7556}") = "Netcord.Extension.Colors.Tests", "tests\Netcord.Extension.Colors.Tests\Netcord.Extension.Colors.Tests.csproj", "{E363EDE2-0D7D-4640-9BD7-472F398532BF}"
EndProject
Project("{9A19103F-16F7-4668-BE54-9A1E7A4F7556}") = "Netcord.Extension.Tagscript.Tests", "tests\Netcord.Extension.Tagscript.Tests\Netcord.Extension.Tagscript.Tests.csproj", "{799D1589-1198-4A3E-B800-F87DB78CC980}"
EndProject
Project("{9A19103F-16F7-4668-BE54-9A1E7A4F7556}") = "Netcord.Gateway.Tests", "tests\Netcord.Gateway.Tests\Netcord.Gateway.Tests.csproj", "{273DE649-12BC-4387-AD9F-526F21BFE1B0}"
EndProject
Project("{9A19103F-16F7-4668-BE54-9A1E7A4F7556}") = "Netcord.Rest.Tests", "tests\Netcord.Rest.Tests\Netcord.Rest.Tests.csproj", "{3C7F3986-7D62-4613-AF4E-D63B4A93151F}"
EndProject
Project("{9A19103F-16F7-4668-BE54-9A1E7A4F7556}") = "AdvancedBot", "examples\AdvancedBot\AdvancedBot.csproj", "{F91CCA1B-C406-491A-9BB2-9D9F2C99335B}"
EndProject
Project("{9A19103F-16F7-4668-BE54-9A1E7A4F7556}") = "Appcommands", "examples\Appcommands\Appcommands.csproj", "{C1129D1B-3C8C-42C8-89BA-0112420EC9FF}"
EndProject
Project("{9A19103F-16F7-4668-BE54-9A1E7A4F7556}") = "BasicBot", "examples\BasicBot\BasicBot.csproj", "{615438CE-057D-48E1-9EA4-5327571328F5}"
EndProject
Project("{2150E333-8FDC-42A3-9474-1A3956D46DE8}") = "Internal", "Internal", "{2FDFED29-4F27-4054-A050-4FDDA3CC0142}"
EndProject
Project("{2150E333-8FDC-42A3-9474-1A3956D46DE8}") = "Ipc", "Ipc", "{6E9C28D4-8F54-4C8C-A909-111D78FE719E}"
EndProject
Project("{2150E333-8FDC-42A3-9474-1A3956D46DE8}") = "Concrete", "Concrete", "{62F426A0-9E79-48ED-B11C-0534E40ACA6E}"
EndProject
Project("{9A19103F-16F7-4668-BE54-9A1E7A4F7556}") = "Logging", "examples\concrete\Logging\Logging.csproj", "{00FE0E90-7BB5-4651-A989-0A4B78588797}"
EndProject
Project("{9A19103F-16F7-4668-BE54-9A1E7A4F7556}") = "ReactionRoles", "examples\concrete\ReactionRoles\ReactionRoles.csproj", "{3C97FDCF-C597-418D-B4AE-217B32232CDC}"
EndProject
Project("{9A19103F-16F7-4668-BE54-9A1E7A4F7556}") = "Reminders", "examples\concrete\Reminders\Reminders.csproj", "{5153FC67-378E-4395-9B26-8F748D6FDA4A}"
EndProject
Project("{9A19103F-16F7-4668-BE54-9A1E7A4F7556}") = "Tags", "examples\concrete\Tags\Tags.csproj", "{A0518AFF-E4F5-4F95-82F2-7F12C87D01B7}"
EndProject
Project("{9A19103F-16F7-4668-BE54-9A1E7A4F7556}") = "VoiceManager", "examples\concrete\VoiceManager\VoiceManager.csproj", "{A1BADCC5-2378-4FC5-BF74-BC966C8D70DB}"
EndProject
Project("{9A19103F-16F7-4668-BE54-9A1E7A4F7556}") = "Devtools", "examples\Devtools\Devtools.csproj", "{3DB820B6-FD80-417A-A1F7-E6ED061CE338}"
EndProject
Project("{9A19103F-16F7-4668-BE54-9A1E7A4F7556}") = "TestBot", "examples\internal\TestBot\TestBot.csproj", "{2C073634-8DC9-4868-BE3A-D0B016EED776}"
EndProject
Project("{9A19103F-16F7-4668-BE54-9A1E7A4F7556}") = "IpcBot", "examples\ipc\IpcBot\IpcBot.csproj", "{DCABF7A3-4158-4302-A401-210DBE109DB7}"
EndProject
Project("{9A19103F-16F7-4668-BE54-9A1E7A4F7556}") = "Webclient", "examples\ipc\WebClient\Webclient.csproj", "{08B89990-F2AB-42E6-A8F8-BDE0B2C90EEA}"
EndProject
Project("{9A19103F-16F7-4668-BE54-9A1E7A4F7556}") = "MessageComponents", "examples\MessageComponents\MessageComponents.csproj", "{C6EE1480-7C65-45C5-BD4D-70FA696C02C6}"
EndProject
Project("{9A19103F-16F7-4668-BE54-9A1E7A4F7556}") = "Tagscript", "examples\Tagscript\Tagscript.csproj", "{4128CD07-4F4B-44BC-9642-975DCF08B6D1}"
EndProject
Project("{9A19103F-16F7-4668-BE54-9A1E7A4F7556}") = "Tasks", "examples\Tasks\Tasks.csproj", "{F390CBA0-85D6-4189-84F3-C7A5AF32995B}"
EndProject
Project("{9A19103F-16F7-4668-BE54-9A1E7A4F7556}") = "TextCommands", "examples\TextCommands\TextCommands.csproj", "{8861A12B-0CD8-4BDB-97BB-BE4E86786D61}"
EndProject
Project("{9A19103F-16F7-4668-BE54-9A1E7A4F7556}") = "Voice", "examples\Voice\Voice.csproj", "{7895B143-CDAC-47FD-9E63-8487A3EC7145}"
EndProject
Project("{9A19103F-16F7-4668-BE54-9A1E7A4F7556}") = "VoiceCommands", "examples\VoiceCommands\VoiceCommands.csproj", "{87A9EF24-B796-433E-9A3F-E0C12A0D2638}"
EndProject
Project("{9A19103F-16F7-4668-BE54-9A1E7A4F7556}") = "Webhook", "examples\Webhook\Webhook.csproj", "{28323ECA-D20A-4A21-8954-6EE2145835D9}"
EndProject
Global
	GlobalSection(SolutionConfigurationPlatforms) = preSolution
		Debug|Any CPU = Debug|Any CPU
		Release|Any CPU = Release|Any CPU
	EndGlobalSection
	GlobalSection(ProjectConfigurationPlatforms) = postSolution
		{A0F8F94C-D114-4E88-8F5C-F46E8DF9E79C}.Debug|Any CPU.ActiveCfg = Debug|Any CPU
		{A0F8F94C-D114-4E88-8F5C-F46E8DF9E79C}.Debug|Any CPU.Build.0 = Debug|Any CPU
		{A0F8F94C-D114-4E88-8F5C-F46E8DF9E79C}.Release|Any CPU.ActiveCfg = Release|Any CPU
		{A0F8F94C-D114-4E88-8F5C-F46E8DF9E79C}.Release|Any CPU.Build.0 = Release|Any CPU
		{25A688A4-6373-44B9-8383-B284F6C54269}.Debug|Any CPU.ActiveCfg = Debug|Any CPU
		{25A688A4-6373-44B9-8383-B284F6C54269}.Debug|Any CPU.Build.0 = Debug|Any CPU
		{25A688A4-6373-44B9-8383-B284F6C54269}.Release|Any CPU.ActiveCfg = Release|Any CPU
		{25A688A4-6373-44B9-8383-B284F6C54269}.Release|Any CPU.Build.0 = Release|Any CPU
		{EE8747E6-EB5E-4B02-987F-10250FE38DDB}.Debug|Any CPU.ActiveCfg = Debug|Any CPU
		{EE8747E6-EB5E-4B02-987F-10250FE38DDB}.Debug|Any CPU.Build.0 = Debug|Any CPU
		{EE8747E6-EB5E-4B02-987F-10250FE38DDB}.Release|Any CPU.ActiveCfg = Release|Any CPU
		{EE8747E6-EB5E-4B02-987F-10250FE38DDB}.Release|Any CPU.Build.0 = Release|Any CPU
		{F0C18AA6-F533-4484-9928-F3ECC434A930}.Debug|Any CPU.ActiveCfg = Debug|Any CPU
		{F0C18AA6-F533-4484-9928-F3ECC434A930}.Debug|Any CPU.Build.0 = Debug|Any CPU
		{F0C18AA6-F533-4484-9928-F3ECC434A930}.Release|Any CPU.ActiveCfg = Release|Any CPU
		{F0C18AA6-F533-4484-9928-F3ECC434A930}.Release|Any CPU.Build.0 = Release|Any CPU
		{614F36ED-BFAF-40F1-9E32-28E8302D4E03}.Debug|Any CPU.ActiveCfg = Debug|Any CPU
		{614F36ED-BFAF-40F1-9E32-28E8302D4E03}.Debug|Any CPU.Build.0 = Debug|Any CPU
		{614F36ED-BFAF-40F1-9E32-28E8302D4E03}.Release|Any CPU.ActiveCfg = Release|Any CPU
		{614F36ED-BFAF-40F1-9E32-28E8302D4E03}.Release|Any CPU.Build.0 = Release|Any CPU
		{E6590E04-145F-4E94-9670-4A10171A756E}.Debug|Any CPU.ActiveCfg = Debug|Any CPU
		{E6590E04-145F-4E94-9670-4A10171A756E}.Debug|Any CPU.Build.0 = Debug|Any CPU
		{E6590E04-145F-4E94-9670-4A10171A756E}.Release|Any CPU.ActiveCfg = Release|Any CPU
		{E6590E04-145F-4E94-9670-4A10171A756E}.Release|Any CPU.Build.0 = Release|Any CPU
		{AC9E27E7-4FED-4877-8CA0-86CDFA754B2B}.Debug|Any CPU.ActiveCfg = Debug|Any CPU
		{AC9E27E7-4FED-4877-8CA0-86CDFA754B2B}.Debug|Any CPU.Build.0 = Debug|Any CPU
		{AC9E27E7-4FED-4877-8CA0-86CDFA754B2B}.Release|Any CPU.ActiveCfg = Release|Any CPU
		{AC9E27E7-4FED-4877-8CA0-86CDFA754B2B}.Release|Any CPU.Build.0 = Release|Any CPU
		{6BF37DCE-FFA4-4DC1-949D-D3E5E7E892CE}.Debug|Any CPU.ActiveCfg = Debug|Any CPU
		{6BF37DCE-FFA4-4DC1-949D-D3E5E7E892CE}.Debug|Any CPU.Build.0 = Debug|Any CPU
		{6BF37DCE-FFA4-4DC1-949D-D3E5E7E892CE}.Release|Any CPU.ActiveCfg = Release|Any CPU
		{6BF37DCE-FFA4-4DC1-949D-D3E5E7E892CE}.Release|Any CPU.Build.0 = Release|Any CPU
		{6E0802FC-538E-4494-914B-0BBD1A0DB455}.Debug|Any CPU.ActiveCfg = Debug|Any CPU
		{6E0802FC-538E-4494-914B-0BBD1A0DB455}.Debug|Any CPU.Build.0 = Debug|Any CPU
		{6E0802FC-538E-4494-914B-0BBD1A0DB455}.Release|Any CPU.ActiveCfg = Release|Any CPU
		{6E0802FC-538E-4494-914B-0BBD1A0DB455}.Release|Any CPU.Build.0 = Release|Any CPU
		{3D65ED3F-3C9E-4F40-8AEE-0B71402AFD11}.Debug|Any CPU.ActiveCfg = Debug|Any CPU
		{3D65ED3F-3C9E-4F40-8AEE-0B71402AFD11}.Debug|Any CPU.Build.0 = Debug|Any CPU
		{3D65ED3F-3C9E-4F40-8AEE-0B71402AFD11}.Release|Any CPU.ActiveCfg = Release|Any CPU
		{3D65ED3F-3C9E-4F40-8AEE-0B71402AFD11}.Release|Any CPU.Build.0 = Release|Any CPU
		{1C34CFBF-118F-4A2B-BFCF-630CB8B138B5}.Debug|Any CPU.ActiveCfg = Debug|Any CPU
		{1C34CFBF-118F-4A2B-BFCF-630CB8B138B5}.Debug|Any CPU.Build.0 = Debug|Any CPU
		{1C34CFBF-118F-4A2B-BFCF-630CB8B138B5}.Release|Any CPU.ActiveCfg = Release|Any CPU
		{1C34CFBF-118F-4A2B-BFCF-630CB8B138B5}.Release|Any CPU.Build.0 = Release|Any CPU
		{9A9312DC-EE91-43CB-AF13-7767B5C02872}.Debug|Any CPU.ActiveCfg = Debug|Any CPU
		{9A9312DC-EE91-43CB-AF13-7767B5C02872}.Debug|Any CPU.Build.0 = Debug|Any CPU
		{9A9312DC-EE91-43CB-AF13-7767B5C02872}.Release|Any CPU.ActiveCfg = Release|Any CPU
		{9A9312DC-EE91-43CB-AF13-7767B5C02872}.Release|Any CPU.Build.0 = Release|Any CPU
		{BDA060DA-98DA-4758-8702-DA2454CBE700}.Debug|Any CPU.ActiveCfg = Debug|Any CPU
		{BDA060DA-98DA-4758-8702-DA2454CBE700}.Debug|Any CPU.Build.0 = Debug|Any CPU
		{BDA060DA-98DA-4758-8702-DA2454CBE700}.Release|Any CPU.ActiveCfg = Release|Any CPU
		{BDA060DA-98DA-4758-8702-DA2454CBE700}.Release|Any CPU.Build.0 = Release|Any CPU
		{B187CA4A-C785-45BC-8A7F-1B27C15D9714}.Debug|Any CPU.ActiveCfg = Debug|Any CPU
		{B187CA4A-C785-45BC-8A7F-1B27C15D9714}.Debug|Any CPU.Build.0 = Debug|Any CPU
		{B187CA4A-C785-45BC-8A7F-1B27C15D9714}.Release|Any CPU.ActiveCfg = Release|Any CPU
		{B187CA4A-C785-45BC-8A7F-1B27C15D9714}.Release|Any CPU.Build.0 = Release|Any CPU
		{A1ADF5A2-7B1B-44AE-9B80-9B61A4A36BD4}.Debug|Any CPU.ActiveCfg = Debug|Any CPU
		{A1ADF5A2-7B1B-44AE-9B80-9B61A4A36BD4}.Debug|Any CPU.Build.0 = Debug|Any CPU
		{A1ADF5A2-7B1B-44AE-9B80-9B61A4A36BD4}.Release|Any CPU.ActiveCfg = Release|Any CPU
		{A1ADF5A2-7B1B-44AE-9B80-9B61A4A36BD4}.Release|Any CPU.Build.0 = Release|Any CPU
		{F0B0BB5D-B991-40A7-9CB5-0A929DA9A66E}.Debug|Any CPU.ActiveCfg = Debug|Any CPU
		{F0B0BB5D-B991-40A7-9CB5-0A929DA9A66E}.Debug|Any CPU.Build.0 = Debug|Any CPU
		{F0B0BB5D-B991-40A7-9CB5-0A929DA9A66E}.Release|Any CPU.ActiveCfg = Release|Any CPU
		{F0B0BB5D-B991-40A7-9CB5-0A929DA9A66E}.Release|Any CPU.Build.0 = Release|Any CPU
		{39AB86B1-A360-49E5-8AB1-1A0499215370}.Debug|Any CPU.ActiveCfg = Debug|Any CPU
		{39AB86B1-A360-49E5-8AB1-1A0499215370}.Debug|Any CPU.Build.0 = Debug|Any CPU
		{39AB86B1-A360-49E5-8AB1-1A0499215370}.Release|Any CPU.ActiveCfg = Release|Any CPU
		{39AB86B1-A360-49E5-8AB1-1A0499215370}.Release|Any CPU.Build.0 = Release|Any CPU
		{385859DF-B5FD-4743-9677-42DE3E97E51D}.Debug|Any CPU.ActiveCfg = Debug|Any CPU
		{385859DF-B5FD-4743-9677-42DE3E97E51D}.Debug|Any CPU.Build.0 = Debug|Any CPU
		{385859DF-B5FD-4743-9677-42DE3E97E51D}.Release|Any CPU.ActiveCfg = Release|Any CPU
		{385859DF-B5FD-4743-9677-42DE3E97E51D}.Release|Any CPU.Build.0 = Release|Any CPU
		{466311CB-C7E0-4788-B7CA-95BFC3431BD8}.Debug|Any CPU.ActiveCfg = Debug|Any CPU
		{466311CB-C7E0-4788-B7CA-95BFC3431BD8}.Debug|Any CPU.Build.0 = Debug|Any CPU
		{466311CB-C7E0-4788-B7CA-95BFC3431BD8}.Release|Any CPU.ActiveCfg = Release|Any CPU
		{466311CB-C7E0-4788-B7CA-95BFC3431BD8}.Release|Any CPU.Build.0 = Release|Any CPU
		{F42A2DF8-99DB-4973-9986-CE3CCCD3FE17}.Debug|Any CPU.ActiveCfg = Debug|Any CPU
		{F42A2DF8-99DB-4973-9986-CE3CCCD3FE17}.Debug|Any CPU.Build.0 = Debug|Any CPU
		{F42A2DF8-99DB-4973-9986-CE3CCCD3FE17}.Release|Any CPU.ActiveCfg = Release|Any CPU
		{F42A2DF8-99DB-4973-9986-CE3CCCD3FE17}.Release|Any CPU.Build.0 = Release|Any CPU
		{E363EDE2-0D7D-4640-9BD7-472F398532BF}.Debug|Any CPU.ActiveCfg = Debug|Any CPU
		{E363EDE2-0D7D-4640-9BD7-472F398532BF}.Debug|Any CPU.Build.0 = Debug|Any CPU
		{E363EDE2-0D7D-4640-9BD7-472F398532BF}.Release|Any CPU.ActiveCfg = Release|Any CPU
		{E363EDE2-0D7D-4640-9BD7-472F398532BF}.Release|Any CPU.Build.0 = Release|Any CPU
		{799D1589-1198-4A3E-B800-F87DB78CC980}.Debug|Any CPU.ActiveCfg = Debug|Any CPU
		{799D1589-1198-4A3E-B800-F87DB78CC980}.Debug|Any CPU.Build.0 = Debug|Any CPU
		{799D1589-1198-4A3E-B800-F87DB78CC980}.Release|Any CPU.ActiveCfg = Release|Any CPU
		{799D1589-1198-4A3E-B800-F87DB78CC980}.Release|Any CPU.Build.0 = Release|Any CPU
		{273DE649-12BC-4387-AD9F-526F21BFE1B0}.Debug|Any CPU.ActiveCfg = Debug|Any CPU
		{273DE649-12BC-4387-AD9F-526F21BFE1B0}.Debug|Any CPU.Build.0 = Debug|Any CPU
		{273DE649-12BC-4387-AD9F-526F21BFE1B0}.Release|Any CPU.ActiveCfg = Release|Any CPU
		{273DE649-12BC-4387-AD9F-526F21BFE1B0}.Release|Any CPU.Build.0 = Release|Any CPU
		{3C7F3986-7D62-4613-AF4E-D63B4A93151F}.Debug|Any CPU.ActiveCfg = Debug|Any CPU
		{3C7F3986-7D62-4613-AF4E-D63B4A93151F}.Debug|Any CPU.Build.0 = Debug|Any CPU
		{3C7F3986-7D62-4613-AF4E-D63B4A93151F}.Release|Any CPU.ActiveCfg = Release|Any CPU
		{3C7F3986-7D62-4613-AF4E-D63B4A93151F}.Release|Any CPU.Build.0 = Release|Any CPU
		{F91CCA1B-C406-491A-9BB2-9D9F2C99335B}.Debug|Any CPU.ActiveCfg = Debug|Any CPU
		{F91CCA1B-C406-491A-9BB2-9D9F2C99335B}.Debug|Any CPU.Build.0 = Debug|Any CPU
		{F91CCA1B-C406-491A-9BB2-9D9F2C99335B}.Release|Any CPU.ActiveCfg = Release|Any CPU
		{F91CCA1B-C406-491A-9BB2-9D9F2C99335B}.Release|Any CPU.Build.0 = Release|Any CPU
		{C1129D1B-3C8C-42C8-89BA-0112420EC9FF}.Debug|Any CPU.ActiveCfg = Debug|Any CPU
		{C1129D1B-3C8C-42C8-89BA-0112420EC9FF}.Debug|Any CPU.Build.0 = Debug|Any CPU
		{C1129D1B-3C8C-42C8-89BA-0112420EC9FF}.Release|Any CPU.ActiveCfg = Release|Any CPU
		{C1129D1B-3C8C-42C8-89BA-0112420EC9FF}.Release|Any CPU.Build.0 = Release|Any CPU
		{615438CE-057D-48E1-9EA4-5327571328F5}.Debug|Any CPU.ActiveCfg = Debug|Any CPU
		{615438CE-057D-48E1-9EA4-5327571328F5}.Debug|Any CPU.Build.0 = Debug|Any CPU
		{615438CE-057D-48E1-9EA4-5327571328F5}.Release|Any CPU.ActiveCfg = Release|Any CPU
		{615438CE-057D-48E1-9EA4-5327571328F5}.Release|Any CPU.Build.0 = Release|Any CPU
		{00FE0E90-7BB5-4651-A989-0A4B78588797}.Debug|Any CPU.ActiveCfg = Debug|Any CPU
		{00FE0E90-7BB5-4651-A989-0A4B78588797}.Debug|Any CPU.Build.0 = Debug|Any CPU
		{00FE0E90-7BB5-4651-A989-0A4B78588797}.Release|Any CPU.ActiveCfg = Release|Any CPU
		{00FE0E90-7BB5-4651-A989-0A4B78588797}.Release|Any CPU.Build.0 = Release|Any CPU
		{3C97FDCF-C597-418D-B4AE-217B32232CDC}.Debug|Any CPU.ActiveCfg = Debug|Any CPU
		{3C97FDCF-C597-418D-B4AE-217B32232CDC}.Debug|Any CPU.Build.0 = Debug|Any CPU
		{3C97FDCF-C597-418D-B4AE-217B32232CDC}.Release|Any CPU.ActiveCfg = Release|Any CPU
		{3C97FDCF-C597-418D-B4AE-217B32232CDC}.Release|Any CPU.Build.0 = Release|Any CPU
		{5153FC67-378E-4395-9B26-8F748D6FDA4A}.Debug|Any CPU.ActiveCfg = Debug|Any CPU
		{5153FC67-378E-4395-9B26-8F748D6FDA4A}.Debug|Any CPU.Build.0 = Debug|Any CPU
		{5153FC67-378E-4395-9B26-8F748D6FDA4A}.Release|Any CPU.ActiveCfg = Release|Any CPU
		{5153FC67-378E-4395-9B26-8F748D6FDA4A}.Release|Any CPU.Build.0 = Release|Any CPU
		{A0518AFF-E4F5-4F95-82F2-7F12C87D01B7}.Debug|Any CPU.ActiveCfg = Debug|Any CPU
		{A0518AFF-E4F5-4F95-82F2-7F12C87D01B7}.Debug|Any CPU.Build.0 = Debug|Any CPU
		{A0518AFF-E4F5-4F95-82F2-7F12C87D01B7}.Release|Any CPU.ActiveCfg = Release|Any CPU
		{A0518AFF-E4F5-4F95-82F2-7F12C87D01B7}.Release|Any CPU.Build.0 = Release|Any CPU
		{A1BADCC5-2378-4FC5-BF74-BC966C8D70DB}.Debug|Any CPU.ActiveCfg = Debug|Any CPU
		{A1BADCC5-2378-4FC5-BF74-BC966C8D70DB}.Debug|Any CPU.Build.0 = Debug|Any CPU
		{A1BADCC5-2378-4FC5-BF74-BC966C8D70DB}.Release|Any CPU.ActiveCfg = Release|Any CPU
		{A1BADCC5-2378-4FC5-BF74-BC966C8D70DB}.Release|Any CPU.Build.0 = Release|Any CPU
		{3DB820B6-FD80-417A-A1F7-E6ED061CE338}.Debug|Any CPU.ActiveCfg = Debug|Any CPU
		{3DB820B6-FD80-417A-A1F7-E6ED061CE338}.Debug|Any CPU.Build.0 = Debug|Any CPU
		{3DB820B6-FD80-417A-A1F7-E6ED061CE338}.Release|Any CPU.ActiveCfg = Release|Any CPU
		{3DB820B6-FD80-417A-A1F7-E6ED061CE338}.Release|Any CPU.Build.0 = Release|Any CPU
		{2C073634-8DC9-4868-BE3A-D0B016EED776}.Debug|Any CPU.ActiveCfg = Debug|Any CPU
		{2C073634-8DC9-4868-BE3A-D0B016EED776}.Debug|Any CPU.Build.0 = Debug|Any CPU
		{2C073634-8DC9-4868-BE3A-D0B016EED776}.Release|Any CPU.ActiveCfg = Release|Any CPU
		{2C073634-8DC9-4868-BE3A-D0B016EED776}.Release|Any CPU.Build.0 = Release|Any CPU
		{DCABF7A3-4158-4302-A401-210DBE109DB7}.Debug|Any CPU.ActiveCfg = Debug|Any CPU
		{DCABF7A3-4158-4302-A401-210DBE109DB7}.Debug|Any CPU.Build.0 = Debug|Any CPU
		{DCABF7A3-4158-4302-A401-210DBE109DB7}.Release|Any CPU.ActiveCfg = Release|Any CPU
		{DCABF7A3-4158-4302-A401-210DBE109DB7}.Release|Any CPU.Build.0 = Release|Any CPU
		{08B89990-F2AB-42E6-A8F8-BDE0B2C90EEA}.Debug|Any CPU.ActiveCfg = Debug|Any CPU
		{08B89990-F2AB-42E6-A8F8-BDE0B2C90EEA}.Debug|Any CPU.Build.0 = Debug|Any CPU
		{08B89990-F2AB-42E6-A8F8-BDE0B2C90EEA}.Release|Any CPU.ActiveCfg = Release|Any CPU
		{08B89990-F2AB-42E6-A8F8-BDE0B2C90EEA}.Release|Any CPU.Build.0 = Release|Any CPU
		{C6EE1480-7C65-45C5-BD4D-70FA696C02C6}.Debug|Any CPU.ActiveCfg = Debug|Any CPU
		{C6EE1480-7C65-45C5-BD4D-70FA696C02C6}.Debug|Any CPU.Build.0 = Debug|Any CPU
		{C6EE1480-7C65-45C5-BD4D-70FA696C02C6}.Release|Any CPU.ActiveCfg = Release|Any CPU
		{C6EE1480-7C65-45C5-BD4D-70FA696C02C6}.Release|Any CPU.Build.0 = Release|Any CPU
		{4128CD07-4F4B-44BC-9642-975DCF08B6D1}.Debug|Any CPU.ActiveCfg = Debug|Any CPU
		{4128CD07-4F4B-44BC-9642-975DCF08B6D1}.Debug|Any CPU.Build.0 = Debug|Any CPU
		{4128CD07-4F4B-44BC-9642-975DCF08B6D1}.Release|Any CPU.ActiveCfg = Release|Any CPU
		{4128CD07-4F4B-44BC-9642-975DCF08B6D1}.Release|Any CPU.Build.0 = Release|Any CPU
		{F390CBA0-85D6-4189-84F3-C7A5AF32995B}.Debug|Any CPU.ActiveCfg = Debug|Any CPU
		{F390CBA0-85D6-4189-84F3-C7A5AF32995B}.Debug|Any CPU.Build.0 = Debug|Any CPU
		{F390CBA0-85D6-4189-84F3-C7A5AF32995B}.Release|Any CPU.ActiveCfg = Release|Any CPU
		{F390CBA0-85D6-4189-84F3-C7A5AF32995B}.Release|Any CPU.Build.0 = Release|Any CPU
		{8861A12B-0CD8-4BDB-97BB-BE4E86786D61}.Debug|Any CPU.ActiveCfg = Debug|Any CPU
		{8861A12B-0CD8-4BDB-97BB-BE4E86786D61}.Debug|Any CPU.Build.0 = Debug|Any CPU
		{8861A12B-0CD8-4BDB-97BB-BE4E86786D61}.Release|Any CPU.ActiveCfg = Release|Any CPU
		{8861A12B-0CD8-4BDB-97BB-BE4E86786D61}.Release|Any CPU.Build.0 = Release|Any CPU
		{7895B143-CDAC-47FD-9E63-8487A3EC7145}.Debug|Any CPU.ActiveCfg = Debug|Any CPU
		{7895B143-CDAC-47FD-9E63-8487A3EC7145}.Debug|Any CPU.Build.0 = Debug|Any CPU
		{7895B143-CDAC-47FD-9E63-8487A3EC7145}.Release|Any CPU.ActiveCfg = Release|Any CPU
		{7895B143-CDAC-47FD-9E63-8487A3EC7145}.Release|Any CPU.Build.0 = Release|Any CPU
		{87A9EF24-B796-433E-9A3F-E0C12A0D2638}.Debug|Any CPU.ActiveCfg = Debug|Any CPU
		{87A9EF24-B796-433E-9A3F-E0C12A0D2638}.Debug|Any CPU.Build.0 = Debug|Any CPU
		{87A9EF24-B796-433E-9A3F-E0C12A0D2638}.Release|Any CPU.ActiveCfg = Release|Any CPU
		{87A9EF24-B796-433E-9A3F-E0C12A0D2638}.Release|Any CPU.Build.0 = Release|Any CPU
		{28323ECA-D20A-4A21-8954-6EE2145835D9}.Debug|Any CPU.ActiveCfg = Debug|Any CPU
		{28323ECA-D20A-4A21-8954-6EE2145835D9}.Debug|Any CPU.Build.0 = Debug|Any CPU
		{28323ECA-D20A-4A21-8954-6EE2145835D9}.Release|Any CPU.ActiveCfg = Release|Any CPU
		{28323ECA-D20A-4A21-8954-6EE2145835D9}.Release|Any CPU.Build.0 = Release|Any CPU
	EndGlobalSection
	GlobalSection(SolutionProperties) = preSolution
		HideSolutionNode = FALSE
	EndGlobalSection
	GlobalSection(NestedProjects) = preSolution
		{1C34CFBF-118F-4A2B-BFCF-630CB8B138B5} = {1F3324EA-F6E4-4689-8528-65C1E8CB3A9A}
		{9A9312DC-EE91-43CB-AF13-7767B5C02872} = {1F3324EA-F6E4-4689-8528-65C1E8CB3A9A}
		{BDA060DA-98DA-4758-8702-DA2454CBE700} = {1F3324EA-F6E4-4689-8528-65C1E8CB3A9A}
		{B187CA4A-C785-45BC-8A7F-1B27C15D9714} = {1F3324EA-F6E4-4689-8528-65C1E8CB3A9A}
		{A1ADF5A2-7B1B-44AE-9B80-9B61A4A36BD4} = {1F3324EA-F6E4-4689-8528-65C1E8CB3A9A}
		{F0B0BB5D-B991-40A7-9CB5-0A929DA9A66E} = {1F3324EA-F6E4-4689-8528-65C1E8CB3A9A}
		{39AB86B1-A360-49E5-8AB1-1A0499215370} = {1F3324EA-F6E4-4689-8528-65C1E8CB3A9A}
		{385859DF-B5FD-4743-9677-42DE3E97E51D} = {1F3324EA-F6E4-4689-8528-65C1E8CB3A9A}
		{466311CB-C7E0-4788-B7CA-95BFC3431BD8} = {699CC506-B070-4BD4-A9E3-847B107A7B9B}
		{F42A2DF8-99DB-4973-9986-CE3CCCD3FE17} = {699CC506-B070-4BD4-A9E3-847B107A7B9B}
		{E363EDE2-0D7D-4640-9BD7-472F398532BF} = {699CC506-B070-4BD4-A9E3-847B107A7B9B}
		{799D1589-1198-4A3E-B800-F87DB78CC980} = {699CC506-B070-4BD4-A9E3-847B107A7B9B}
		{273DE649-12BC-4387-AD9F-526F21BFE1B0} = {699CC506-B070-4BD4-A9E3-847B107A7B9B}
		{3C7F3986-7D62-4613-AF4E-D63B4A93151F} = {699CC506-B070-4BD4-A9E3-847B107A7B9B}
		{F91CCA1B-C406-491A-9BB2-9D9F2C99335B} = {DE818BED-66F6-4042-8B70-6742B960A13C}
		{C1129D1B-3C8C-42C8-89BA-0112420EC9FF} = {DE818BED-66F6-4042-8B70-6742B960A13C}
		{615438CE-057D-48E1-9EA4-5327571328F5} = {DE818BED-66F6-4042-8B70-6742B960A13C}
		{2FDFED29-4F27-4054-A050-4FDDA3CC0142} = {DE818BED-66F6-4042-8B70-6742B960A13C}
		{6E9C28D4-8F54-4C8C-A909-111D78FE719E} = {DE818BED-66F6-4042-8B70-6742B960A13C}
		{62F426A0-9E79-48ED-B11C-0534E40ACA6E} = {DE818BED-66F6-4042-8B70-6742B960A13C}
		{00FE0E90-7BB5-4651-A989-0A4B78588797} = {62F426A0-9E79-48ED-B11C-0534E40ACA6E}
		{3C97FDCF-C597-418D-B4AE-217B32232CDC} = {62F426A0-9E79-48ED-B11C-0534E40ACA6E}
		{5153FC67-378E-4395-9B26-8F748D6FDA4A} = {62F426A0-9E79-48ED-B11C-0534E40ACA6E}
		{A0518AFF-E4F5-4F95-82F2-7F12C87D01B7} = {62F426A0-9E79-48ED-B11C-0534E40ACA6E}
		{A1BADCC5-2378-4FC5-BF74-BC966C8D70DB} = {62F426A0-9E79-48ED-B11C-0534E40ACA6E}
		{3DB820B6-FD80-417A-A1F7-E6ED061CE338} = {DE818BED-66F6-4042-8B70-6742B960A13C}
		{2C073634-8DC9-4868-BE3A-D0B016EED776} = {2FDFED29-4F27-4054-A050-4FDDA3CC0142}
		{DCABF7A3-4158-4302-A401-210DBE109DB7} = {6E9C28D4-8F54-4C8C-A909-111D78FE719E}
		{08B89990-F2AB-42E6-A8F8-BDE0B2C90EEA} = {6E9C28D4-8F54-4C8C-A909-111D78FE719E}
		{C6EE1480-7C65-45C5-BD4D-70FA696C02C6} = {DE818BED-66F6-4042-8B70-6742B960A13C}
		{4128CD07-4F4B-44BC-9642-975DCF08B6D1} = {DE818BED-66F6-4042-8B70-6742B960A13C}
		{F390CBA0-85D6-4189-84F3-C7A5AF32995B} = {DE818BED-66F6-4042-8B70-6742B960A13C}
		{8861A12B-0CD8-4BDB-97BB-BE4E86786D61} = {DE818BED-66F6-4042-8B70-6742B960A13C}
		{7895B143-CDAC-47FD-9E63-8487A3EC7145} = {DE818BED-66F6-4042-8B70-6742B960A13C}
		{87A9EF24-B796-433E-9A3F-E0C12A0D2638} = {DE818BED-66F6-4042-8B70-6742B960A13C}
		{28323ECA-D20A-4A21-8954-6EE2145835D9} = {DE818BED-66F6-4042-8B70-6742B960A13C}
	EndGlobalSection
	GlobalSection(ExtensibilityGlobals) = postSolution
		SolutionGuid = {05E70FE4-491D-47AF-920C-97493E3B4C8C}
	EndGlobalSection
EndGlobal
